
Microsoft Visual Studio Solution File, Format Version 12.00
Project("{FAE04EC0-301F-11D3-BF4B-00C04F79EFBC}") = "ScoreboardClient", "ScoreboardClient\ScoreboardClient.csproj", "{0262268F-6AA3-43C6-9DC4-FF3C4D4642DC}"
EndProject
Global
	GlobalSection(SolutionConfigurationPlatforms) = preSolution
		Debug|Any CPU = Debug|Any CPU
		Release|Any CPU = Release|Any CPU
	EndGlobalSection
	GlobalSection(ProjectConfigurationPlatforms) = postSolution
		{0262268F-6AA3-43C6-9DC4-FF3C4D4642DC}.Debug|Any CPU.ActiveCfg = Debug|Any CPU
		{0262268F-6AA3-43C6-9DC4-FF3C4D4642DC}.Debug|Any CPU.Build.0 = Debug|Any CPU
		{0262268F-6AA3-43C6-9DC4-FF3C4D4642DC}.Release|Any CPU.ActiveCfg = Release|Any CPU
		{0262268F-6AA3-43C6-9DC4-FF3C4D4642DC}.Release|Any CPU.Build.0 = Release|Any CPU
	EndGlobalSection
EndGlobal
